<?xml version="1.0" encoding="UTF-8" standalone="yes" ?>
<CodeBlocks_project_file>
	<FileVersion major="1" minor="6" />
	<Project>
		<Option title="LameUI" />
		<Option pch_mode="2" />
		<Option compiler="gcc" />
		<Build>
			<Target title="Debug">
				<Option output="bin/Debug/LameUI" prefix_auto="1" extension_auto="1" />
				<Option object_output="obj/Debug/" />
				<Option type="1" />
				<Option compiler="gcc" />
				<Option use_console_runner="0" />
				<Compiler>
					<Add option="-g" />
					<Add directory="E:/平台/GUI/Lame/2.0/LameUI_Codeblock/LameUI/LameUI" />
					<Add directory="E:/平台/GUI/Lame/2.0/LameUI_Codeblock/LameUI/SDL2/include" />
				</Compiler>
				<Linker>
					<Add option="-lmingw32 -lSDL2main -lSDL2" />
					<Add directory="E:/平台/GUI/Lame/2.0/LameUI_Codeblock/LameUI/LameUI" />
					<Add directory="E:/平台/GUI/Lame/2.0/LameUI_Codeblock/LameUI/SDL2/include" />
					<Add directory="E:/平台/GUI/Lame/2.0/LameUI_Codeblock/LameUI/SDL2/lib" />
				</Linker>
			</Target>
			<Target title="Release">
				<Option output="bin/Release/LameUI" prefix_auto="1" extension_auto="1" />
				<Option object_output="obj/Release/" />
				<Option type="1" />
				<Option compiler="gcc" />
				<Compiler>
					<Add option="-O2" />
				</Compiler>
				<Linker>
					<Add option="-s" />
				</Linker>
			</Target>
		</Build>
		<Compiler>
			<Add option="-Wall" />
		</Compiler>
		<Unit filename="LameUI/fonts/montserrat_bold_17.c">
			<Option compilerVar="CC" />
		</Unit>
		<Unit filename="LameUI/fonts/montserrat_bold_17.h" />
		<Unit filename="LameUI/fonts/montserrat_bold_20.c">
			<Option compilerVar="CC" />
		</Unit>
		<Unit filename="LameUI/fonts/montserrat_bold_20.h" />
		<Unit filename="LameUI/fonts/montserrat_bold_32.c">
			<Option compilerVar="CC" />
		</Unit>
		<Unit filename="LameUI/fonts/montserrat_bold_32.h" />
		<Unit filename="LameUI/fonts/montserrat_bold_48.c">
			<Option compilerVar="CC" />
		</Unit>
		<Unit filename="LameUI/fonts/montserrat_bold_48.h" />
		<Unit filename="LameUI/fonts/montserrat_regular_12.c">
			<Option compilerVar="CC" />
		</Unit>
		<Unit filename="LameUI/fonts/montserrat_regular_12.h" />
		<Unit filename="LameUI/fonts/montserrat_regular_14.c">
			<Option compilerVar="CC" />
		</Unit>
		<Unit filename="LameUI/fonts/montserrat_regular_14.h" />
		<Unit filename="LameUI/fonts/montserrat_regular_17.c">
			<Option compilerVar="CC" />
		</Unit>
		<Unit filename="LameUI/fonts/montserrat_regular_17.h" />
		<Unit filename="LameUI/fonts/montserrat_regular_20.c">
			<Option compilerVar="CC" />
		</Unit>
		<Unit filename="LameUI/fonts/montserrat_regular_20.h" />
		<Unit filename="LameUI/fonts/montserrat_regular_32.c">
			<Option compilerVar="CC" />
		</Unit>
		<Unit filename="LameUI/fonts/montserrat_regular_32.h" />
		<Unit filename="LameUI/fonts/montserrat_regular_48.c">
			<Option compilerVar="CC" />
		</Unit>
		<Unit filename="LameUI/fonts/montserrat_regular_48.h" />
		<Unit filename="LameUI/fonts/ubuntu_bold_17.c">
			<Option compilerVar="CC" />
		</Unit>
		<Unit filename="LameUI/fonts/ubuntu_bold_17.h" />
		<Unit filename="LameUI/fonts/ubuntu_bold_20.c">
			<Option compilerVar="CC" />
		</Unit>
		<Unit filename="LameUI/fonts/ubuntu_bold_20.h" />
		<Unit filename="LameUI/fonts/ubuntu_bold_32..c">
			<Option compilerVar="CC" />
		</Unit>
		<Unit filename="LameUI/fonts/ubuntu_bold_32..h" />
		<Unit filename="LameUI/fonts/ubuntu_bold_32.c">
			<Option compilerVar="CC" />
		</Unit>
		<Unit filename="LameUI/fonts/ubuntu_bold_32.h" />
		<Unit filename="LameUI/fonts/ubuntu_bold_48.c">
			<Option compilerVar="CC" />
		</Unit>
		<Unit filename="LameUI/fonts/ubuntu_bold_48.h" />
		<Unit filename="LameUI/fonts/ubuntu_mono_regular_12.c">
			<Option compilerVar="CC" />
		</Unit>
		<Unit filename="LameUI/fonts/ubuntu_mono_regular_12.h" />
		<Unit filename="LameUI/fonts/ubuntu_mono_regular_14.c">
			<Option compilerVar="CC" />
		</Unit>
		<Unit filename="LameUI/fonts/ubuntu_mono_regular_14.h" />
		<Unit filename="LameUI/fonts/ubuntu_mono_regular_17.c">
			<Option compilerVar="CC" />
		</Unit>
		<Unit filename="LameUI/fonts/ubuntu_mono_regular_17.h" />
		<Unit filename="LameUI/fonts/ubuntu_mono_regular_20.c">
			<Option compilerVar="CC" />
		</Unit>
		<Unit filename="LameUI/fonts/ubuntu_mono_regular_20.h" />
		<Unit filename="LameUI/fonts/ubuntu_mono_regular_32.c">
			<Option compilerVar="CC" />
		</Unit>
		<Unit filename="LameUI/fonts/ubuntu_mono_regular_32.h" />
		<Unit filename="LameUI/fonts/ubuntu_mono_regular_48.c">
			<Option compilerVar="CC" />
		</Unit>
		<Unit filename="LameUI/fonts/ubuntu_mono_regular_48.h" />
		<Unit filename="LameUI/fonts/ubuntu_regular_12.c">
			<Option compilerVar="CC" />
		</Unit>
		<Unit filename="LameUI/fonts/ubuntu_regular_12.h" />
		<Unit filename="LameUI/fonts/ubuntu_regular_14.c">
			<Option compilerVar="CC" />
		</Unit>
		<Unit filename="LameUI/fonts/ubuntu_regular_14.h" />
		<Unit filename="LameUI/fonts/ubuntu_regular_20.c">
			<Option compilerVar="CC" />
		</Unit>
		<Unit filename="LameUI/fonts/ubuntu_regular_20.h" />
		<Unit filename="LameUI/fonts/ubuntu_regular_32..c">
			<Option compilerVar="CC" />
		</Unit>
		<Unit filename="LameUI/fonts/ubuntu_regular_32..h" />
		<Unit filename="LameUI/fonts/ubuntu_regular_32.c">
			<Option compilerVar="CC" />
		</Unit>
		<Unit filename="LameUI/fonts/ubuntu_regular_32.h" />
		<Unit filename="LameUI/fonts/ubuntu_regular_48.c">
			<Option compilerVar="CC" />
		</Unit>
		<Unit filename="LameUI/fonts/ubuntu_regular_48.h" />
		<Unit filename="LameUI/lame_ui.c">
			<Option compilerVar="CC" />
		</Unit>
		<Unit filename="LameUI/lame_ui.h" />
		<Unit filename="SDL2/include/SDL2/SDL.h" />
		<Unit filename="SDL2/include/SDL2/SDL_assert.h" />
		<Unit filename="SDL2/include/SDL2/SDL_atomic.h" />
		<Unit filename="SDL2/include/SDL2/SDL_audio.h" />
		<Unit filename="SDL2/include/SDL2/SDL_bits.h" />
		<Unit filename="SDL2/include/SDL2/SDL_blendmode.h" />
		<Unit filename="SDL2/include/SDL2/SDL_clipboard.h" />
		<Unit filename="SDL2/include/SDL2/SDL_config.h" />
		<Unit filename="SDL2/include/SDL2/SDL_cpuinfo.h" />
		<Unit filename="SDL2/include/SDL2/SDL_egl.h" />
		<Unit filename="SDL2/include/SDL2/SDL_endian.h" />
		<Unit filename="SDL2/include/SDL2/SDL_error.h" />
		<Unit filename="SDL2/include/SDL2/SDL_events.h" />
		<Unit filename="SDL2/include/SDL2/SDL_filesystem.h" />
		<Unit filename="SDL2/include/SDL2/SDL_gamecontroller.h" />
		<Unit filename="SDL2/include/SDL2/SDL_gesture.h" />
		<Unit filename="SDL2/include/SDL2/SDL_haptic.h" />
		<Unit filename="SDL2/include/SDL2/SDL_hints.h" />
		<Unit filename="SDL2/include/SDL2/SDL_joystick.h" />
		<Unit filename="SDL2/include/SDL2/SDL_keyboard.h" />
		<Unit filename="SDL2/include/SDL2/SDL_keycode.h" />
		<Unit filename="SDL2/include/SDL2/SDL_loadso.h" />
		<Unit filename="SDL2/include/SDL2/SDL_log.h" />
		<Unit filename="SDL2/include/SDL2/SDL_main.h" />
		<Unit filename="SDL2/include/SDL2/SDL_messagebox.h" />
		<Unit filename="SDL2/include/SDL2/SDL_metal.h" />
		<Unit filename="SDL2/include/SDL2/SDL_mouse.h" />
		<Unit filename="SDL2/include/SDL2/SDL_mutex.h" />
		<Unit filename="SDL2/include/SDL2/SDL_name.h" />
		<Unit filename="SDL2/include/SDL2/SDL_opengl.h" />
		<Unit filename="SDL2/include/SDL2/SDL_opengl_glext.h" />
		<Unit filename="SDL2/include/SDL2/SDL_opengles.h" />
		<Unit filename="SDL2/include/SDL2/SDL_opengles2.h" />
		<Unit filename="SDL2/include/SDL2/SDL_opengles2_gl2.h" />
		<Unit filename="SDL2/include/SDL2/SDL_opengles2_gl2ext.h" />
		<Unit filename="SDL2/include/SDL2/SDL_opengles2_gl2platform.h" />
		<Unit filename="SDL2/include/SDL2/SDL_opengles2_khrplatform.h" />
		<Unit filename="SDL2/include/SDL2/SDL_pixels.h" />
		<Unit filename="SDL2/include/SDL2/SDL_platform.h" />
		<Unit filename="SDL2/include/SDL2/SDL_power.h" />
		<Unit filename="SDL2/include/SDL2/SDL_quit.h" />
		<Unit filename="SDL2/include/SDL2/SDL_rect.h" />
		<Unit filename="SDL2/include/SDL2/SDL_render.h" />
		<Unit filename="SDL2/include/SDL2/SDL_revision.h" />
		<Unit filename="SDL2/include/SDL2/SDL_rwops.h" />
		<Unit filename="SDL2/include/SDL2/SDL_scancode.h" />
		<Unit filename="SDL2/include/SDL2/SDL_sensor.h" />
		<Unit filename="SDL2/include/SDL2/SDL_shape.h" />
		<Unit filename="SDL2/include/SDL2/SDL_stdinc.h" />
		<Unit filename="SDL2/include/SDL2/SDL_surface.h" />
		<Unit filename="SDL2/include/SDL2/SDL_system.h" />
		<Unit filename="SDL2/include/SDL2/SDL_syswm.h" />
		<Unit filename="SDL2/include/SDL2/SDL_test.h" />
		<Unit filename="SDL2/include/SDL2/SDL_test_assert.h" />
		<Unit filename="SDL2/include/SDL2/SDL_test_common.h" />
		<Unit filename="SDL2/include/SDL2/SDL_test_compare.h" />
		<Unit filename="SDL2/include/SDL2/SDL_test_crc32.h" />
		<Unit filename="SDL2/include/SDL2/SDL_test_font.h" />
		<Unit filename="SDL2/include/SDL2/SDL_test_fuzzer.h" />
		<Unit filename="SDL2/include/SDL2/SDL_test_harness.h" />
		<Unit filename="SDL2/include/SDL2/SDL_test_images.h" />
		<Unit filename="SDL2/include/SDL2/SDL_test_log.h" />
		<Unit filename="SDL2/include/SDL2/SDL_test_md5.h" />
		<Unit filename="SDL2/include/SDL2/SDL_test_memory.h" />
		<Unit filename="SDL2/include/SDL2/SDL_test_random.h" />
		<Unit filename="SDL2/include/SDL2/SDL_thread.h" />
		<Unit filename="SDL2/include/SDL2/SDL_timer.h" />
		<Unit filename="SDL2/include/SDL2/SDL_touch.h" />
		<Unit filename="SDL2/include/SDL2/SDL_types.h" />
		<Unit filename="SDL2/include/SDL2/SDL_version.h" />
		<Unit filename="SDL2/include/SDL2/SDL_video.h" />
		<Unit filename="SDL2/include/SDL2/SDL_vulkan.h" />
		<Unit filename="SDL2/include/SDL2/begin_code.h" />
		<Unit filename="SDL2/include/SDL2/close_code.h" />
		<Unit filename="demo/big_example.c">
			<Option compilerVar="CC" />
		</Unit>
		<Unit filename="demo/demo.c">
			<Option compilerVar="CC" />
		</Unit>
		<Unit filename="demo/demo.h" />
		<Unit filename="demo/music.c">
			<Option compilerVar="CC" />
		</Unit>
		<Unit filename="demo/res/back.c">
			<Option compilerVar="CC" />
		</Unit>
		<Unit filename="demo/res/back.h" />
		<Unit filename="demo/res/background.c">
			<Option compilerVar="CC" />
		</Unit>
		<Unit filename="demo/res/background.h" />
		<Unit filename="demo/res/close.c">
			<Option compilerVar="CC" />
		</Unit>
		<Unit filename="demo/res/close.h" />
		<Unit filename="demo/res/forest.c">
			<Option compilerVar="CC" />
		</Unit>
		<Unit filename="demo/res/forest.h" />
		<Unit filename="demo/res/forest_653448.c">
			<Option compilerVar="CC" />
		</Unit>
		<Unit filename="demo/res/forest_653448.h" />
		<Unit filename="demo/res/grad.c">
			<Option compilerVar="CC" />
		</Unit>
		<Unit filename="demo/res/grad.h" />
		<Unit filename="demo/res/grad_color1_bg.c">
			<Option compilerVar="CC" />
		</Unit>
		<Unit filename="demo/res/grad_color1_bg.h" />
		<Unit filename="demo/res/heart_filled.c">
			<Option compilerVar="CC" />
		</Unit>
		<Unit filename="demo/res/heart_filled.h" />
		<Unit filename="demo/res/heart_line.c">
			<Option compilerVar="CC" />
		</Unit>
		<Unit filename="demo/res/heart_line.h" />
		<Unit filename="demo/res/info.c">
			<Option compilerVar="CC" />
		</Unit>
		<Unit filename="demo/res/info.h" />
		<Unit filename="demo/res/lastofus.c">
			<Option compilerVar="CC" />
		</Unit>
		<Unit filename="demo/res/lastofus.h" />
		<Unit filename="demo/res/next.c">
			<Option compilerVar="CC" />
		</Unit>
		<Unit filename="demo/res/next.h" />
		<Unit filename="demo/res/pause.c">
			<Option compilerVar="CC" />
		</Unit>
		<Unit filename="demo/res/pause.h" />
		<Unit filename="demo/res/play.c">
			<Option compilerVar="CC" />
		</Unit>
		<Unit filename="demo/res/play.h" />
		<Unit filename="demo/res/playlist.c">
			<Option compilerVar="CC" />
		</Unit>
		<Unit filename="demo/res/playlist.h" />
		<Unit filename="demo/res/popup_bckgrnd.c">
			<Option compilerVar="CC" />
		</Unit>
		<Unit filename="demo/res/popup_bckgrnd.h" />
		<Unit filename="demo/res/repeat.c">
			<Option compilerVar="CC" />
		</Unit>
		<Unit filename="demo/res/repeat.h" />
		<Unit filename="demo/res/send_button.c">
			<Option compilerVar="CC" />
		</Unit>
		<Unit filename="demo/res/send_button.h" />
		<Unit filename="demo/res/sent_button.c">
			<Option compilerVar="CC" />
		</Unit>
		<Unit filename="demo/res/sent_button.h" />
		<Unit filename="demo/res/shuffle.c">
			<Option compilerVar="CC" />
		</Unit>
		<Unit filename="demo/res/shuffle.h" />
		<Unit filename="demo/simple_example.c">
			<Option compilerVar="CC" />
		</Unit>
		<Unit filename="demo/widget.c">
			<Option compilerVar="CC" />
		</Unit>
		<Unit filename="lcd_config.h" />
		<Unit filename="main.c">
			<Option compilerVar="CC" />
		</Unit>
		<Unit filename="sdl_driver.c">
			<Option compilerVar="CC" />
		</Unit>
		<Unit filename="sdl_driver.h" />
		<Extensions>
			<lib_finder disable_auto="1" />
		</Extensions>
	</Project>
</CodeBlocks_project_file>
